
Microsoft Visual Studio Solution File, Format Version 12.00
# Visual Studio Version 16
VisualStudioVersion = 16.0.31313.79
MinimumVisualStudioVersion = 10.0.40219.1
Project("{FAE04EC0-301F-11D3-BF4B-00C04F79EFBC}") = "ConvertingFilesToImages", "ConvertingFilesToImages\ConvertingFilesToImages.csproj", "{55CF5AC5-6B85-4DEF-BAD7-AE269A2270E4}"
EndProject
Project("{FAE04EC0-301F-11D3-BF4B-00C04F79EFBC}") = "SeparatingFiles", "SeparatingFiles\SeparatingFiles.csproj", "{585394A9-2A2A-4725-B4D5-8C0F40391CE9}"
EndProject
Global
	GlobalSection(SolutionConfigurationPlatforms) = preSolution
		Debug|Any CPU = Debug|Any CPU
		Release|Any CPU = Release|Any CPU
	EndGlobalSection
	GlobalSection(ProjectConfigurationPlatforms) = postSolution
		{55CF5AC5-6B85-4DEF-BAD7-AE269A2270E4}.Debug|Any CPU.ActiveCfg = Debug|Any CPU
		{55CF5AC5-6B85-4DEF-BAD7-AE269A2270E4}.Debug|Any CPU.Build.0 = Debug|Any CPU
		{55CF5AC5-6B85-4DEF-BAD7-AE269A2270E4}.Release|Any CPU.ActiveCfg = Release|Any CPU
		{55CF5AC5-6B85-4DEF-BAD7-AE269A2270E4}.Release|Any CPU.Build.0 = Release|Any CPU
		{585394A9-2A2A-4725-B4D5-8C0F40391CE9}.Debug|Any CPU.ActiveCfg = Debug|Any CPU
		{585394A9-2A2A-4725-B4D5-8C0F40391CE9}.Debug|Any CPU.Build.0 = Debug|Any CPU
		{585394A9-2A2A-4725-B4D5-8C0F40391CE9}.Release|Any CPU.ActiveCfg = Release|Any CPU
		{585394A9-2A2A-4725-B4D5-8C0F40391CE9}.Release|Any CPU.Build.0 = Release|Any CPU
	EndGlobalSection
	GlobalSection(SolutionProperties) = preSolution
		HideSolutionNode = FALSE
	EndGlobalSection
	GlobalSection(ExtensibilityGlobals) = postSolution
		SolutionGuid = {BCDB38B3-D905-4199-989D-3BF20E20F81B}
	EndGlobalSection
EndGlobal
